
Microsoft Visual Studio Solution File, Format Version 12.00
# Visual Studio Version 16
VisualStudioVersion = 16.0.30523.141
MinimumVisualStudioVersion = 10.0.40219.1
Project("{9A19103F-16F7-4668-BE54-9A1E7A4F7556}") = "MySecondBrain.MVCApp", "MySecondBrain.MVCApp\MySecondBrain.MVCApp.csproj", "{86356109-3EB4-484A-BC7F-358E55104307}"
	ProjectSection(ProjectDependencies) = postProject
		{C329EE88-9F63-40CF-925B-26F559B6F17F} = {C329EE88-9F63-40CF-925B-26F559B6F17F}
		{8A6FFDC6-71E8-428C-8427-0EB9542B78F0} = {8A6FFDC6-71E8-428C-8427-0EB9542B78F0}
		{D85529DE-FCA0-453B-B9B1-644340E59E02} = {D85529DE-FCA0-453B-B9B1-644340E59E02}
	EndProjectSection
EndProject
Project("{9A19103F-16F7-4668-BE54-9A1E7A4F7556}") = "MySecondBrain.Infrastructure", "MySecondBrain.Infrastructure\MySecondBrain.Infrastructure.csproj", "{C329EE88-9F63-40CF-925B-26F559B6F17F}"
EndProject
Project("{9A19103F-16F7-4668-BE54-9A1E7A4F7556}") = "MySecondBrain.Common", "MySecondBrain.Common\MySecondBrain.Common.csproj", "{D85529DE-FCA0-453B-B9B1-644340E59E02}"
EndProject
Project("{9A19103F-16F7-4668-BE54-9A1E7A4F7556}") = "MySecondBrain.Domain", "MySecondBrain.Domain\MySecondBrain.Domain.csproj", "{CD122502-FEFB-4BB6-827D-ACD287B02AC7}"
EndProject
Project("{9A19103F-16F7-4668-BE54-9A1E7A4F7556}") = "MySecondBrain.Application", "MySecondBrain.Application\MySecondBrain.Application.csproj", "{8A6FFDC6-71E8-428C-8427-0EB9542B78F0}"
EndProject
Project("{FAE04EC0-301F-11D3-BF4B-00C04F79EFBC}") = "MySecondBrain.TestConsole", "MySecondBrain.TestConsole\MySecondBrain.TestConsole.csproj", "{03598377-0888-4FDE-BEB5-FC4A6EF53476}"
EndProject
Global
	GlobalSection(SolutionConfigurationPlatforms) = preSolution
		Debug|Any CPU = Debug|Any CPU
		Release|Any CPU = Release|Any CPU
	EndGlobalSection
	GlobalSection(ProjectConfigurationPlatforms) = postSolution
		{86356109-3EB4-484A-BC7F-358E55104307}.Debug|Any CPU.ActiveCfg = Debug|Any CPU
		{86356109-3EB4-484A-BC7F-358E55104307}.Debug|Any CPU.Build.0 = Debug|Any CPU
		{86356109-3EB4-484A-BC7F-358E55104307}.Release|Any CPU.ActiveCfg = Release|Any CPU
		{86356109-3EB4-484A-BC7F-358E55104307}.Release|Any CPU.Build.0 = Release|Any CPU
		{C329EE88-9F63-40CF-925B-26F559B6F17F}.Debug|Any CPU.ActiveCfg = Debug|Any CPU
		{C329EE88-9F63-40CF-925B-26F559B6F17F}.Debug|Any CPU.Build.0 = Debug|Any CPU
		{C329EE88-9F63-40CF-925B-26F559B6F17F}.Release|Any CPU.ActiveCfg = Release|Any CPU
		{C329EE88-9F63-40CF-925B-26F559B6F17F}.Release|Any CPU.Build.0 = Release|Any CPU
		{D85529DE-FCA0-453B-B9B1-644340E59E02}.Debug|Any CPU.ActiveCfg = Debug|Any CPU
		{D85529DE-FCA0-453B-B9B1-644340E59E02}.Debug|Any CPU.Build.0 = Debug|Any CPU
		{D85529DE-FCA0-453B-B9B1-644340E59E02}.Release|Any CPU.ActiveCfg = Release|Any CPU
		{D85529DE-FCA0-453B-B9B1-644340E59E02}.Release|Any CPU.Build.0 = Release|Any CPU
		{CD122502-FEFB-4BB6-827D-ACD287B02AC7}.Debug|Any CPU.ActiveCfg = Debug|Any CPU
		{CD122502-FEFB-4BB6-827D-ACD287B02AC7}.Debug|Any CPU.Build.0 = Debug|Any CPU
		{CD122502-FEFB-4BB6-827D-ACD287B02AC7}.Release|Any CPU.ActiveCfg = Release|Any CPU
		{CD122502-FEFB-4BB6-827D-ACD287B02AC7}.Release|Any CPU.Build.0 = Release|Any CPU
		{8A6FFDC6-71E8-428C-8427-0EB9542B78F0}.Debug|Any CPU.ActiveCfg = Debug|Any CPU
		{8A6FFDC6-71E8-428C-8427-0EB9542B78F0}.Debug|Any CPU.Build.0 = Debug|Any CPU
		{8A6FFDC6-71E8-428C-8427-0EB9542B78F0}.Release|Any CPU.ActiveCfg = Release|Any CPU
		{8A6FFDC6-71E8-428C-8427-0EB9542B78F0}.Release|Any CPU.Build.0 = Release|Any CPU
		{03598377-0888-4FDE-BEB5-FC4A6EF53476}.Debug|Any CPU.ActiveCfg = Debug|Any CPU
		{03598377-0888-4FDE-BEB5-FC4A6EF53476}.Debug|Any CPU.Build.0 = Debug|Any CPU
		{03598377-0888-4FDE-BEB5-FC4A6EF53476}.Release|Any CPU.ActiveCfg = Release|Any CPU
		{03598377-0888-4FDE-BEB5-FC4A6EF53476}.Release|Any CPU.Build.0 = Release|Any CPU
	EndGlobalSection
	GlobalSection(SolutionProperties) = preSolution
		HideSolutionNode = FALSE
	EndGlobalSection
	GlobalSection(ExtensibilityGlobals) = postSolution
		SolutionGuid = {81A8319C-52CC-4B79-8E20-B16F10B3E0C9}
	EndGlobalSection
EndGlobal
